PODS:
  - Flutter (1.0.0)
  - flutter_ffmpeg/full-gpl (0.4.2):
    - Flutter
    - mobile-ffmpeg-full-gpl (= 4.4)
  - gallery_saver (0.0.1):
    - Flutter
  - mobile-ffmpeg-full-gpl (4.4)
  - path_provider_ios (0.0.1):
    - Flutter

DEPENDENCIES:
  - Flutter (from `Flutter`)
  - flutter_ffmpeg/full-gpl (from `.symlinks/plugins/flutter_ffmpeg/ios`)
  - gallery_saver (from `.symlinks/plugins/gallery_saver/ios`)
  - path_provider_ios (from `.symlinks/plugins/path_provider_ios/ios`)

SPEC REPOS:
  trunk:
    - mobile-ffmpeg-full-gpl

EXTERNAL SOURCES:
  Flutter:
    :path: Flutter
  flutter_ffmpeg:
    :path: ".symlinks/plugins/flutter_ffmpeg/ios"
  gallery_saver:
    :path: ".symlinks/plugins/gallery_saver/ios"
  path_provider_ios:
    :path: ".symlinks/plugins/path_provider_ios/ios"

SPEC CHECKSUMS:
  Flutter: 50d75fe2f02b26cc09d224853bb45737f8b3214a
  flutter_ffmpeg: 3ec3912c74649851e6c3b1885511eef78142ac4f
  gallery_saver: 9fc173c9f4fcc48af53b2a9ebea1b643255be542
  mobile-ffmpeg-full-gpl: 77de728206f08f30c70f530b18abb4e8f6413eb6
  path_provider_ios: 7d7ce634493af4477d156294792024ec3485acd5

PODFILE CHECKSUM: 8874159c5c3951f210e4e7a348e3a0a1e3e15444

COCOAPODS: 1.11.2
